
Microsoft Visual Studio Solution File, Format Version 12.00
# Visual Studio Version 17
VisualStudioVersion = 17.10.34707.107
MinimumVisualStudioVersion = 10.0.40219.1
Project("{9A19103F-16F7-4668-BE54-9A1E7A4F7556}") = "msfReward", "msfReward\msfReward.csproj", "{527DC5BE-5BBC-4672-A9AD-4559A574486C}"
EndProject
Project("{FAE04EC0-301F-11D3-BF4B-00C04F79EFBC}") = "msfReward2", "msfReward2\msfReward2.csproj", "{0F701E3D-2CC5-4C69-A1C9-78BF52FD6E1A}"
EndProject
Global
	GlobalSection(SolutionConfigurationPlatforms) = preSolution
		Debug|Any CPU = Debug|Any CPU
		Release|Any CPU = Release|Any CPU
	EndGlobalSection
	GlobalSection(ProjectConfigurationPlatforms) = postSolution
		{527DC5BE-5BBC-4672-A9AD-4559A574486C}.Debug|Any CPU.ActiveCfg = Debug|Any CPU
		{527DC5BE-5BBC-4672-A9AD-4559A574486C}.Debug|Any CPU.Build.0 = Debug|Any CPU
		{527DC5BE-5BBC-4672-A9AD-4559A574486C}.Release|Any CPU.ActiveCfg = Release|Any CPU
		{527DC5BE-5BBC-4672-A9AD-4559A574486C}.Release|Any CPU.Build.0 = Release|Any CPU
		{0F701E3D-2CC5-4C69-A1C9-78BF52FD6E1A}.Debug|Any CPU.ActiveCfg = Debug|Any CPU
		{0F701E3D-2CC5-4C69-A1C9-78BF52FD6E1A}.Debug|Any CPU.Build.0 = Debug|Any CPU
		{0F701E3D-2CC5-4C69-A1C9-78BF52FD6E1A}.Release|Any CPU.ActiveCfg = Release|Any CPU
		{0F701E3D-2CC5-4C69-A1C9-78BF52FD6E1A}.Release|Any CPU.Build.0 = Release|Any CPU
	EndGlobalSection
	GlobalSection(SolutionProperties) = preSolution
		HideSolutionNode = FALSE
	EndGlobalSection
	GlobalSection(ExtensibilityGlobals) = postSolution
		SolutionGuid = {C0D36521-6205-41DD-8E90-6D7F41C0DBD1}
	EndGlobalSection
EndGlobal
